
Microsoft Visual Studio Solution File, Format Version 12.00
# Visual Studio Version 16
VisualStudioVersion = 16.0.31624.102
MinimumVisualStudioVersion = 10.0.40219.1
Project("{FAE04EC0-301F-11D3-BF4B-00C04F79EFBC}") = "microservices-net3", "microservices-net3.csproj", "{F7CFB87A-5808-4F93-92DB-AE9BF1B19493}"
EndProject
Global
	GlobalSection(SolutionConfigurationPlatforms) = preSolution
		Debug|Any CPU = Debug|Any CPU
		Release|Any CPU = Release|Any CPU
	EndGlobalSection
	GlobalSection(ProjectConfigurationPlatforms) = postSolution
		{F7CFB87A-5808-4F93-92DB-AE9BF1B19493}.Debug|Any CPU.ActiveCfg = Debug|Any CPU
		{F7CFB87A-5808-4F93-92DB-AE9BF1B19493}.Debug|Any CPU.Build.0 = Debug|Any CPU
		{F7CFB87A-5808-4F93-92DB-AE9BF1B19493}.Release|Any CPU.ActiveCfg = Release|Any CPU
		{F7CFB87A-5808-4F93-92DB-AE9BF1B19493}.Release|Any CPU.Build.0 = Release|Any CPU
	EndGlobalSection
	GlobalSection(SolutionProperties) = preSolution
		HideSolutionNode = FALSE
	EndGlobalSection
	GlobalSection(ExtensibilityGlobals) = postSolution
		SolutionGuid = {8AC912CB-4AAB-47C1-8750-6D3DC7D3B225}
	EndGlobalSection
EndGlobal
